# Generated from template/.omp/contracts/behavior-manifest.json; do not edit hashes by hand.
version: "2.0"
source_manifest: template/.omp/contracts/behavior-manifest.json
component_version: "1.0.0"
reviewed_on: "2026-08-14"
skills:
  - name: task-triage
    path: template/.omp/skills/task-triage/SKILL.md
    hash: 2b8c38d24dcbecc8336dea0a16766387de9385cd952d28ea480da3c23a0092ea
  - name: systematic-debugging
    path: template/.omp/skills/systematic-debugging/SKILL.md
    hash: 2c501983a6b7c48781f8e414424fbc700d6d88c299ee0021e69ec0320d24f1ba
  - name: evidence-before-completion
    path: template/.omp/skills/evidence-before-completion/SKILL.md
    hash: fc89c5e73205f961d8bf383771c943c7afc9181d1cb91ca81ae639bc3c7b0613
